// !$*UTF8*$!
{
	archiveVersion = 1;
	classes = {
	};
	objectVersion = 46;
	objects = {

/* Begin PBXBuildFile section */
		F00D477E170F477F0099C51C /* event_queue.cpp in Sources */ = {isa = PBXBuildFile; fileRef = F00D477C170F477F0099C51C /* event_queue.cpp */; };
		F00D477F170F477F0099C51C /* event_queue.cpp in Sources */ = {isa = PBXBuildFile; fileRef = F00D477C170F477F0099C51C /* event_queue.cpp */; };
		F06EC895170B235500CDE0A9 /* client.cpp in Sources */ = {isa = PBXBuildFile; fileRef = F06EC86E170B229800CDE0A9 /* client.cpp */; };
		F06EC896170B239800CDE0A9 /* server.cpp in Sources */ = {isa = PBXBuildFile; fileRef = F06EC873170B229800CDE0A9 /* server.cpp */; };
		F06EC897170B239B00CDE0A9 /* data_link.cpp in Sources */ = {isa = PBXBuildFile; fileRef = F06EC870170B229800CDE0A9 /* data_link.cpp */; };
		F06EC898170B239C00CDE0A9 /* data_link.cpp in Sources */ = {isa = PBXBuildFile; fileRef = F06EC870170B229800CDE0A9 /* data_link.cpp */; };
		F06EC899170B23A000CDE0A9 /* utilities.cpp in Sources */ = {isa = PBXBuildFile; fileRef = F06EC875170B229800CDE0A9 /* utilities.cpp */; };
		F06EC89A170B23A100CDE0A9 /* utilities.cpp in Sources */ = {isa = PBXBuildFile; fileRef = F06EC875170B229800CDE0A9 /* utilities.cpp */; };
/* End PBXBuildFile section */

/* Begin PBXCopyFilesBuildPhase section */
		F06EC87D170B22E200CDE0A9 /* CopyFiles */ = {
			isa = PBXCopyFilesBuildPhase;
			buildActionMask = 2147483647;
			dstPath = /usr/share/man/man1/;
			dstSubfolderSpec = 0;
			files = (
			);
			runOnlyForDeploymentPostprocessing = 1;
		};
		F06EC88A170B22ED00CDE0A9 /* CopyFiles */ = {
			isa = PBXCopyFilesBuildPhase;
			buildActionMask = 2147483647;
			dstPath = /usr/share/man/man1/;
			dstSubfolderSpec = 0;
			files = (
			);
			runOnlyForDeploymentPostprocessing = 1;
		};
/* End PBXCopyFilesBuildPhase section */

/* Begin PBXFileReference section */
		F00D477C170F477F0099C51C /* event_queue.cpp */ = {isa = PBXFileReference; fileEncoding = 4; lastKnownFileType = sourcecode.cpp.cpp; path = event_queue.cpp; sourceTree = "<group>"; };
		F00D477D170F477F0099C51C /* event_queue.h */ = {isa = PBXFileReference; fileEncoding = 4; lastKnownFileType = sourcecode.c.h; path = event_queue.h; sourceTree = "<group>"; };
		F06EC86E170B229800CDE0A9 /* client.cpp */ = {isa = PBXFileReference; fileEncoding = 4; lastKnownFileType = sourcecode.cpp.cpp; path = client.cpp; sourceTree = "<group>"; };
		F06EC86F170B229800CDE0A9 /* client.h */ = {isa = PBXFileReference; fileEncoding = 4; lastKnownFileType = sourcecode.c.h; path = client.h; sourceTree = "<group>"; };
		F06EC870170B229800CDE0A9 /* data_link.cpp */ = {isa = PBXFileReference; fileEncoding = 4; lastKnownFileType = sourcecode.cpp.cpp; path = data_link.cpp; sourceTree = "<group>"; };
		F06EC871170B229800CDE0A9 /* data_link.h */ = {isa = PBXFileReference; fileEncoding = 4; lastKnownFileType = sourcecode.c.h; path = data_link.h; sourceTree = "<group>"; };
		F06EC872170B229800CDE0A9 /* header.h */ = {isa = PBXFileReference; fileEncoding = 4; lastKnownFileType = sourcecode.c.h; path = header.h; sourceTree = "<group>"; };
		F06EC873170B229800CDE0A9 /* server.cpp */ = {isa = PBXFileReference; fileEncoding = 4; lastKnownFileType = sourcecode.cpp.cpp; path = server.cpp; sourceTree = "<group>"; };
		F06EC874170B229800CDE0A9 /* server.h */ = {isa = PBXFileReference; fileEncoding = 4; lastKnownFileType = sourcecode.c.h; path = server.h; sourceTree = "<group>"; };
		F06EC875170B229800CDE0A9 /* utilities.cpp */ = {isa = PBXFileReference; fileEncoding = 4; lastKnownFileType = sourcecode.cpp.cpp; path = utilities.cpp; sourceTree = "<group>"; };
		F06EC876170B229800CDE0A9 /* utilities.h */ = {isa = PBXFileReference; fileEncoding = 4; lastKnownFileType = sourcecode.c.h; path = utilities.h; sourceTree = "<group>"; };
		F06EC87F170B22E200CDE0A9 /* server */ = {isa = PBXFileReference; explicitFileType = "compiled.mach-o.executable"; includeInIndex = 0; path = server; sourceTree = BUILT_PRODUCTS_DIR; };
		F06EC88C170B22ED00CDE0A9 /* client */ = {isa = PBXFileReference; explicitFileType = "compiled.mach-o.executable"; includeInIndex = 0; path = client; sourceTree = BUILT_PRODUCTS_DIR; };
/* End PBXFileReference section */

/* Begin PBXFrameworksBuildPhase section */
		F06EC87C170B22E200CDE0A9 /* Frameworks */ = {
			isa = PBXFrameworksBuildPhase;
			buildActionMask = 2147483647;
			files = (
			);
			runOnlyForDeploymentPostprocessing = 0;
		};
		F06EC889170B22ED00CDE0A9 /* Frameworks */ = {
			isa = PBXFrameworksBuildPhase;
			buildActionMask = 2147483647;
			files = (
			);
			runOnlyForDeploymentPostprocessing = 0;
		};
/* End PBXFrameworksBuildPhase section */

/* Begin PBXGroup section */
		F06EC859170B224B00CDE0A9 = {
			isa = PBXGroup;
			children = (
				F06EC864170B224C00CDE0A9 /* MINIFTP */,
				F06EC863170B224C00CDE0A9 /* Products */,
			);
			sourceTree = "<group>";
		};
		F06EC863170B224C00CDE0A9 /* Products */ = {
			isa = PBXGroup;
			children = (
				F06EC87F170B22E200CDE0A9 /* server */,
				F06EC88C170B22ED00CDE0A9 /* client */,
			);
			name = Products;
			sourceTree = "<group>";
		};
		F06EC864170B224C00CDE0A9 /* MINIFTP */ = {
			isa = PBXGroup;
			children = (
				F00D477C170F477F0099C51C /* event_queue.cpp */,
				F00D477D170F477F0099C51C /* event_queue.h */,
				F06EC86E170B229800CDE0A9 /* client.cpp */,
				F06EC86F170B229800CDE0A9 /* client.h */,
				F06EC870170B229800CDE0A9 /* data_link.cpp */,
				F06EC871170B229800CDE0A9 /* data_link.h */,
				F06EC872170B229800CDE0A9 /* header.h */,
				F06EC873170B229800CDE0A9 /* server.cpp */,
				F06EC874170B229800CDE0A9 /* server.h */,
				F06EC875170B229800CDE0A9 /* utilities.cpp */,
				F06EC876170B229800CDE0A9 /* utilities.h */,
			);
			path = MINIFTP;
			sourceTree = "<group>";
		};
/* End PBXGroup section */

/* Begin PBXNativeTarget section */
		F06EC87E170B22E200CDE0A9 /* server */ = {
			isa = PBXNativeTarget;
			buildConfigurationList = F06EC885170B22E200CDE0A9 /* Build configuration list for PBXNativeTarget "server" */;
			buildPhases = (
				F06EC87B170B22E200CDE0A9 /* Sources */,
				F06EC87C170B22E200CDE0A9 /* Frameworks */,
				F06EC87D170B22E200CDE0A9 /* CopyFiles */,
			);
			buildRules = (
			);
			dependencies = (
			);
			name = server;
			productName = server;
			productReference = F06EC87F170B22E200CDE0A9 /* server */;
			productType = "com.apple.product-type.tool";
		};
		F06EC88B170B22ED00CDE0A9 /* client */ = {
			isa = PBXNativeTarget;
			buildConfigurationList = F06EC892170B22ED00CDE0A9 /* Build configuration list for PBXNativeTarget "client" */;
			buildPhases = (
				F06EC888170B22ED00CDE0A9 /* Sources */,
				F06EC889170B22ED00CDE0A9 /* Frameworks */,
				F06EC88A170B22ED00CDE0A9 /* CopyFiles */,
			);
			buildRules = (
			);
			dependencies = (
			);
			name = client;
			productName = client;
			productReference = F06EC88C170B22ED00CDE0A9 /* client */;
			productType = "com.apple.product-type.tool";
		};
/* End PBXNativeTarget section */

/* Begin PBXProject section */
		F06EC85A170B224B00CDE0A9 /* Project object */ = {
			isa = PBXProject;
			attributes = {
				LastUpgradeCheck = 0460;
				ORGANIZATIONNAME = WPI;
			};
			buildConfigurationList = F06EC85D170B224C00CDE0A9 /* Build configuration list for PBXProject "MINIFTP" */;
			compatibilityVersion = "Xcode 3.2";
			developmentRegion = English;
			hasScannedForEncodings = 0;
			knownRegions = (
				en,
			);
			mainGroup = F06EC859170B224B00CDE0A9;
			productRefGroup = F06EC863170B224C00CDE0A9 /* Products */;
			projectDirPath = "";
			projectRoot = "";
			targets = (
				F06EC87E170B22E200CDE0A9 /* server */,
				F06EC88B170B22ED00CDE0A9 /* client */,
			);
		};
/* End PBXProject section */

/* Begin PBXSourcesBuildPhase section */
		F06EC87B170B22E200CDE0A9 /* Sources */ = {
			isa = PBXSourcesBuildPhase;
			buildActionMask = 2147483647;
			files = (
				F06EC896170B239800CDE0A9 /* server.cpp in Sources */,
				F06EC898170B239C00CDE0A9 /* data_link.cpp in Sources */,
				F06EC89A170B23A100CDE0A9 /* utilities.cpp in Sources */,
				F00D477E170F477F0099C51C /* event_queue.cpp in Sources */,
			);
			runOnlyForDeploymentPostprocessing = 0;
		};
		F06EC888170B22ED00CDE0A9 /* Sources */ = {
			isa = PBXSourcesBuildPhase;
			buildActionMask = 2147483647;
			files = (
				F06EC895170B235500CDE0A9 /* client.cpp in Sources */,
				F06EC897170B239B00CDE0A9 /* data_link.cpp in Sources */,
				F06EC899170B23A000CDE0A9 /* utilities.cpp in Sources */,
				F00D477F170F477F0099C51C /* event_queue.cpp in Sources */,
			);
			runOnlyForDeploymentPostprocessing = 0;
		};
/* End PBXSourcesBuildPhase section */

/* Begin XCBuildConfiguration section */
		F06EC869170B224C00CDE0A9 /* Debug */ = {
			isa = XCBuildConfiguration;
			buildSettings = {
				ALWAYS_SEARCH_USER_PATHS = NO;
				ARCHS = "$(ARCHS_STANDARD_64_BIT)";
				CLANG_CXX_LANGUAGE_STANDARD = "gnu++0x";
				CLANG_CXX_LIBRARY = "libc++";
				CLANG_ENABLE_OBJC_ARC = YES;
				CLANG_WARN_CONSTANT_CONVERSION = YES;
				CLANG_WARN_EMPTY_BODY = YES;
				CLANG_WARN_ENUM_CONVERSION = YES;
				CLANG_WARN_INT_CONVERSION = YES;
				CLANG_WARN__DUPLICATE_METHOD_MATCH = YES;
				COPY_PHASE_STRIP = NO;
				GCC_C_LANGUAGE_STANDARD = gnu99;
				GCC_DYNAMIC_NO_PIC = NO;
				GCC_ENABLE_OBJC_EXCEPTIONS = YES;
				GCC_OPTIMIZATION_LEVEL = 0;
				GCC_PREPROCESSOR_DEFINITIONS = (
					"DEBUG=1",
					"$(inherited)",
				);
				GCC_SYMBOLS_PRIVATE_EXTERN = NO;
				GCC_WARN_64_TO_32_BIT_CONVERSION = YES;
				GCC_WARN_ABOUT_RETURN_TYPE = YES;
				GCC_WARN_UNINITIALIZED_AUTOS = YES;
				GCC_WARN_UNUSED_VARIABLE = YES;
				MACOSX_DEPLOYMENT_TARGET = 10.8;
				ONLY_ACTIVE_ARCH = YES;
				SDKROOT = macosx;
			};
			name = Debug;
		};
		F06EC86A170B224C00CDE0A9 /* Release */ = {
			isa = XCBuildConfiguration;
			buildSettings = {
				ALWAYS_SEARCH_USER_PATHS = NO;
				ARCHS = "$(ARCHS_STANDARD_64_BIT)";
				CLANG_CXX_LANGUAGE_STANDARD = "gnu++0x";
				CLANG_CXX_LIBRARY = "libc++";
				CLANG_ENABLE_OBJC_ARC = YES;
				CLANG_WARN_CONSTANT_CONVERSION = YES;
				CLANG_WARN_EMPTY_BODY = YES;
				CLANG_WARN_ENUM_CONVERSION = YES;
				CLANG_WARN_INT_CONVERSION = YES;
				CLANG_WARN__DUPLICATE_METHOD_MATCH = YES;
				COPY_PHASE_STRIP = YES;
				DEBUG_INFORMATION_FORMAT = "dwarf-with-dsym";
				GCC_C_LANGUAGE_STANDARD = gnu99;
				GCC_ENABLE_OBJC_EXCEPTIONS = YES;
				GCC_WARN_64_TO_32_BIT_CONVERSION = YES;
				GCC_WARN_ABOUT_RETURN_TYPE = YES;
				GCC_WARN_UNINITIALIZED_AUTOS = YES;
				GCC_WARN_UNUSED_VARIABLE = YES;
				MACOSX_DEPLOYMENT_TARGET = 10.8;
				SDKROOT = macosx;
			};
			name = Release;
		};
		F06EC886170B22E200CDE0A9 /* Debug */ = {
			isa = XCBuildConfiguration;
			buildSettings = {
				PRODUCT_NAME = "$(TARGET_NAME)";
			};
			name = Debug;
		};
		F06EC887170B22E200CDE0A9 /* Release */ = {
			isa = XCBuildConfiguration;
			buildSettings = {
				PRODUCT_NAME = "$(TARGET_NAME)";
			};
			name = Release;
		};
		F06EC893170B22ED00CDE0A9 /* Debug */ = {
			isa = XCBuildConfiguration;
			buildSettings = {
				PRODUCT_NAME = "$(TARGET_NAME)";
			};
			name = Debug;
		};
		F06EC894170B22ED00CDE0A9 /* Release */ = {
			isa = XCBuildConfiguration;
			buildSettings = {
				PRODUCT_NAME = "$(TARGET_NAME)";
			};
			name = Release;
		};
/* End XCBuildConfiguration section */

/* Begin XCConfigurationList section */
		F06EC85D170B224C00CDE0A9 /* Build configuration list for PBXProject "MINIFTP" */ = {
			isa = XCConfigurationList;
			buildConfigurations = (
				F06EC869170B224C00CDE0A9 /* Debug */,
				F06EC86A170B224C00CDE0A9 /* Release */,
			);
			defaultConfigurationIsVisible = 0;
			defaultConfigurationName = Release;
		};
		F06EC885170B22E200CDE0A9 /* Build configuration list for PBXNativeTarget "server" */ = {
			isa = XCConfigurationList;
			buildConfigurations = (
				F06EC886170B22E200CDE0A9 /* Debug */,
				F06EC887170B22E200CDE0A9 /* Release */,
			);
			defaultConfigurationIsVisible = 0;
			defaultConfigurationName = Release;
		};
		F06EC892170B22ED00CDE0A9 /* Build configuration list for PBXNativeTarget "client" */ = {
			isa = XCConfigurationList;
			buildConfigurations = (
				F06EC893170B22ED00CDE0A9 /* Debug */,
				F06EC894170B22ED00CDE0A9 /* Release */,
			);
			defaultConfigurationIsVisible = 0;
			defaultConfigurationName = Release;
		};
/* End XCConfigurationList section */
	};
	rootObject = F06EC85A170B224B00CDE0A9 /* Project object */;
}
